
Microsoft Visual Studio Solution File, Format Version 12.00
# Visual Studio Version 17
VisualStudioVersion = 17.6.33829.357
MinimumVisualStudioVersion = 10.0.40219.1
Project("{FAE04EC0-301F-11D3-BF4B-00C04F79EFBC}") = "Casgem.DapperProject", "Casgem.DapperProject\Casgem.DapperProject.csproj", "{A4757B90-1390-4C18-997A-A0FA9412266E}"
EndProject
Global
	GlobalSection(SolutionConfigurationPlatforms) = preSolution
		Debug|Any CPU = Debug|Any CPU
		Release|Any CPU = Release|Any CPU
	EndGlobalSection
	GlobalSection(ProjectConfigurationPlatforms) = postSolution
		{A4757B90-1390-4C18-997A-A0FA9412266E}.Debug|Any CPU.ActiveCfg = Debug|Any CPU
		{A4757B90-1390-4C18-997A-A0FA9412266E}.Debug|Any CPU.Build.0 = Debug|Any CPU
		{A4757B90-1390-4C18-997A-A0FA9412266E}.Release|Any CPU.ActiveCfg = Release|Any CPU
		{A4757B90-1390-4C18-997A-A0FA9412266E}.Release|Any CPU.Build.0 = Release|Any CPU
	EndGlobalSection
	GlobalSection(SolutionProperties) = preSolution
		HideSolutionNode = FALSE
	EndGlobalSection
	GlobalSection(ExtensibilityGlobals) = postSolution
		SolutionGuid = {8B7C5D9E-2E1A-448B-A578-E76D263450E2}
	EndGlobalSection
EndGlobal
